
Microsoft Visual Studio Solution File, Format Version 12.00
# Visual Studio Version 17
VisualStudioVersion = 17.3.32901.215
MinimumVisualStudioVersion = 10.0.40219.1
Project("{2150E333-8FDC-42A3-9474-1A3956D46DE8}") = "AspNetCore", "AspNetCore", "{74E1BB04-3A08-41E3-9E8D-376601524B67}"
EndProject
Project("{2150E333-8FDC-42A3-9474-1A3956D46DE8}") = "Cache", "Cache", "{3749E98B-2364-4C54-923B-9416EE855FF6}"
EndProject
Project("{2150E333-8FDC-42A3-9474-1A3956D46DE8}") = "Core", "Core", "{909818E2-002C-425A-88B9-090C8562DCB2}"
EndProject
Project("{2150E333-8FDC-42A3-9474-1A3956D46DE8}") = "DataAccess", "DataAccess", "{9A7953EF-6BD1-4C5A-AFCA-E746DACD135A}"
EndProject
Project("{2150E333-8FDC-42A3-9474-1A3956D46DE8}") = "Sql", "Sql", "{5B20DDC9-0000-491E-A837-CA63417E8614}"
EndProject
Project("{9A19103F-16F7-4668-BE54-9A1E7A4F7556}") = "Bat.Core", "Bat.Core\Bat.Core.csproj", "{3ED2E4E5-514F-4FCB-8322-D707201B2F2C}"
EndProject
Project("{9A19103F-16F7-4668-BE54-9A1E7A4F7556}") = "Bat.MessagingQueue", "Bat.MessagingQueue\Bat.MessagingQueue.csproj", "{98AEAD52-6B6E-415F-9591-0363615A1C75}"
EndProject
Project("{9A19103F-16F7-4668-BE54-9A1E7A4F7556}") = "Bat.Dapper", "Bat.Dapper\Bat.Dapper.csproj", "{87CAA225-4EB9-4F82-BD97-FCF575610BF3}"
EndProject
Project("{9A19103F-16F7-4668-BE54-9A1E7A4F7556}") = "Bat.EntityFrameworkCore", "Bat.EntityFrameworkCore\Bat.EntityFrameworkCore.csproj", "{BBCC646F-C79A-474E-BB1F-71AF808E3674}"
EndProject
Project("{9A19103F-16F7-4668-BE54-9A1E7A4F7556}") = "Bat.EntityFrameworkCore.Tools", "Bat.EntityFrameworkCore.Tools\Bat.EntityFrameworkCore.Tools.csproj", "{0B4260F6-3DB9-4A90-9780-519FFF936CF3}"
EndProject
Project("{00D1A9C2-B5F0-4AF3-8072-F6C62B433612}") = "Bat.SqlClrAssembly", "Bat.SqlAssembly\Bat.SqlClrAssembly.sqlproj", "{6BC632C6-648F-4F0A-B643-326903C0DC1A}"
EndProject
Project("{9A19103F-16F7-4668-BE54-9A1E7A4F7556}") = "Bat.Cache", "Bat.Cache\Bat.Cache.csproj", "{9526AE5D-0BCB-443D-9912-80ED815B506D}"
EndProject
Project("{9A19103F-16F7-4668-BE54-9A1E7A4F7556}") = "Bat.Cache.Redis", "Bat.Cache.Redis\Bat.Cache.Redis.csproj", "{AC232914-A249-4170-BC48-0D76CD06387C}"
EndProject
Project("{9A19103F-16F7-4668-BE54-9A1E7A4F7556}") = "Bat.Http", "Bat.Http\Bat.Http.csproj", "{ACB46E61-2C4F-460D-B7C9-635CBBFF3F85}"
EndProject
Project("{9A19103F-16F7-4668-BE54-9A1E7A4F7556}") = "Bat.AspNetCore", "Bat.AspNetCore\Bat.AspNetCore.csproj", "{7B706CA3-9725-4169-9624-351C427B0304}"
EndProject
Project("{9A19103F-16F7-4668-BE54-9A1E7A4F7556}") = "Bat.Di", "Bat.Di\Bat.Di.csproj", "{BC8021DF-5D15-49C7-9324-DA51FFF4EFBD}"
EndProject
Project("{FAE04EC0-301F-11D3-BF4B-00C04F79EFBC}") = "Bat.Tools", "Bat.Tools\Bat.Tools.csproj", "{51EB3CDC-0BEB-4839-8410-2B723F7EC01D}"
EndProject
Global
	GlobalSection(SolutionConfigurationPlatforms) = preSolution
		Debug|Any CPU = Debug|Any CPU
		Release|Any CPU = Release|Any CPU
	EndGlobalSection
	GlobalSection(ProjectConfigurationPlatforms) = postSolution
		{3ED2E4E5-514F-4FCB-8322-D707201B2F2C}.Debug|Any CPU.ActiveCfg = Debug|Any CPU
		{3ED2E4E5-514F-4FCB-8322-D707201B2F2C}.Debug|Any CPU.Build.0 = Debug|Any CPU
		{3ED2E4E5-514F-4FCB-8322-D707201B2F2C}.Release|Any CPU.ActiveCfg = Release|Any CPU
		{3ED2E4E5-514F-4FCB-8322-D707201B2F2C}.Release|Any CPU.Build.0 = Release|Any CPU
		{98AEAD52-6B6E-415F-9591-0363615A1C75}.Debug|Any CPU.ActiveCfg = Debug|Any CPU
		{98AEAD52-6B6E-415F-9591-0363615A1C75}.Debug|Any CPU.Build.0 = Debug|Any CPU
		{98AEAD52-6B6E-415F-9591-0363615A1C75}.Release|Any CPU.ActiveCfg = Release|Any CPU
		{98AEAD52-6B6E-415F-9591-0363615A1C75}.Release|Any CPU.Build.0 = Release|Any CPU
		{87CAA225-4EB9-4F82-BD97-FCF575610BF3}.Debug|Any CPU.ActiveCfg = Debug|Any CPU
		{87CAA225-4EB9-4F82-BD97-FCF575610BF3}.Debug|Any CPU.Build.0 = Debug|Any CPU
		{87CAA225-4EB9-4F82-BD97-FCF575610BF3}.Release|Any CPU.ActiveCfg = Release|Any CPU
		{87CAA225-4EB9-4F82-BD97-FCF575610BF3}.Release|Any CPU.Build.0 = Release|Any CPU
		{BBCC646F-C79A-474E-BB1F-71AF808E3674}.Debug|Any CPU.ActiveCfg = Debug|Any CPU
		{BBCC646F-C79A-474E-BB1F-71AF808E3674}.Debug|Any CPU.Build.0 = Debug|Any CPU
		{BBCC646F-C79A-474E-BB1F-71AF808E3674}.Release|Any CPU.ActiveCfg = Release|Any CPU
		{BBCC646F-C79A-474E-BB1F-71AF808E3674}.Release|Any CPU.Build.0 = Release|Any CPU
		{0B4260F6-3DB9-4A90-9780-519FFF936CF3}.Debug|Any CPU.ActiveCfg = Debug|Any CPU
		{0B4260F6-3DB9-4A90-9780-519FFF936CF3}.Debug|Any CPU.Build.0 = Debug|Any CPU
		{0B4260F6-3DB9-4A90-9780-519FFF936CF3}.Release|Any CPU.ActiveCfg = Release|Any CPU
		{0B4260F6-3DB9-4A90-9780-519FFF936CF3}.Release|Any CPU.Build.0 = Release|Any CPU
		{6BC632C6-648F-4F0A-B643-326903C0DC1A}.Debug|Any CPU.ActiveCfg = Debug|Any CPU
		{6BC632C6-648F-4F0A-B643-326903C0DC1A}.Debug|Any CPU.Build.0 = Debug|Any CPU
		{6BC632C6-648F-4F0A-B643-326903C0DC1A}.Debug|Any CPU.Deploy.0 = Debug|Any CPU
		{6BC632C6-648F-4F0A-B643-326903C0DC1A}.Release|Any CPU.ActiveCfg = Release|Any CPU
		{6BC632C6-648F-4F0A-B643-326903C0DC1A}.Release|Any CPU.Build.0 = Release|Any CPU
		{6BC632C6-648F-4F0A-B643-326903C0DC1A}.Release|Any CPU.Deploy.0 = Release|Any CPU
		{9526AE5D-0BCB-443D-9912-80ED815B506D}.Debug|Any CPU.ActiveCfg = Debug|Any CPU
		{9526AE5D-0BCB-443D-9912-80ED815B506D}.Debug|Any CPU.Build.0 = Debug|Any CPU
		{9526AE5D-0BCB-443D-9912-80ED815B506D}.Release|Any CPU.ActiveCfg = Release|Any CPU
		{9526AE5D-0BCB-443D-9912-80ED815B506D}.Release|Any CPU.Build.0 = Release|Any CPU
		{AC232914-A249-4170-BC48-0D76CD06387C}.Debug|Any CPU.ActiveCfg = Debug|Any CPU
		{AC232914-A249-4170-BC48-0D76CD06387C}.Debug|Any CPU.Build.0 = Debug|Any CPU
		{AC232914-A249-4170-BC48-0D76CD06387C}.Release|Any CPU.ActiveCfg = Release|Any CPU
		{AC232914-A249-4170-BC48-0D76CD06387C}.Release|Any CPU.Build.0 = Release|Any CPU
		{ACB46E61-2C4F-460D-B7C9-635CBBFF3F85}.Debug|Any CPU.ActiveCfg = Debug|Any CPU
		{ACB46E61-2C4F-460D-B7C9-635CBBFF3F85}.Debug|Any CPU.Build.0 = Debug|Any CPU
		{ACB46E61-2C4F-460D-B7C9-635CBBFF3F85}.Release|Any CPU.ActiveCfg = Release|Any CPU
		{ACB46E61-2C4F-460D-B7C9-635CBBFF3F85}.Release|Any CPU.Build.0 = Release|Any CPU
		{7B706CA3-9725-4169-9624-351C427B0304}.Debug|Any CPU.ActiveCfg = Debug|Any CPU
		{7B706CA3-9725-4169-9624-351C427B0304}.Debug|Any CPU.Build.0 = Debug|Any CPU
		{7B706CA3-9725-4169-9624-351C427B0304}.Release|Any CPU.ActiveCfg = Release|Any CPU
		{7B706CA3-9725-4169-9624-351C427B0304}.Release|Any CPU.Build.0 = Release|Any CPU
		{BC8021DF-5D15-49C7-9324-DA51FFF4EFBD}.Debug|Any CPU.ActiveCfg = Debug|Any CPU
		{BC8021DF-5D15-49C7-9324-DA51FFF4EFBD}.Debug|Any CPU.Build.0 = Debug|Any CPU
		{BC8021DF-5D15-49C7-9324-DA51FFF4EFBD}.Release|Any CPU.ActiveCfg = Release|Any CPU
		{BC8021DF-5D15-49C7-9324-DA51FFF4EFBD}.Release|Any CPU.Build.0 = Release|Any CPU
		{51EB3CDC-0BEB-4839-8410-2B723F7EC01D}.Debug|Any CPU.ActiveCfg = Debug|Any CPU
		{51EB3CDC-0BEB-4839-8410-2B723F7EC01D}.Debug|Any CPU.Build.0 = Debug|Any CPU
		{51EB3CDC-0BEB-4839-8410-2B723F7EC01D}.Release|Any CPU.ActiveCfg = Release|Any CPU
		{51EB3CDC-0BEB-4839-8410-2B723F7EC01D}.Release|Any CPU.Build.0 = Release|Any CPU
	EndGlobalSection
	GlobalSection(SolutionProperties) = preSolution
		HideSolutionNode = FALSE
	EndGlobalSection
	GlobalSection(NestedProjects) = preSolution
		{3ED2E4E5-514F-4FCB-8322-D707201B2F2C} = {909818E2-002C-425A-88B9-090C8562DCB2}
		{98AEAD52-6B6E-415F-9591-0363615A1C75} = {909818E2-002C-425A-88B9-090C8562DCB2}
		{87CAA225-4EB9-4F82-BD97-FCF575610BF3} = {9A7953EF-6BD1-4C5A-AFCA-E746DACD135A}
		{BBCC646F-C79A-474E-BB1F-71AF808E3674} = {9A7953EF-6BD1-4C5A-AFCA-E746DACD135A}
		{0B4260F6-3DB9-4A90-9780-519FFF936CF3} = {9A7953EF-6BD1-4C5A-AFCA-E746DACD135A}
		{6BC632C6-648F-4F0A-B643-326903C0DC1A} = {5B20DDC9-0000-491E-A837-CA63417E8614}
		{9526AE5D-0BCB-443D-9912-80ED815B506D} = {3749E98B-2364-4C54-923B-9416EE855FF6}
		{AC232914-A249-4170-BC48-0D76CD06387C} = {3749E98B-2364-4C54-923B-9416EE855FF6}
		{ACB46E61-2C4F-460D-B7C9-635CBBFF3F85} = {74E1BB04-3A08-41E3-9E8D-376601524B67}
		{7B706CA3-9725-4169-9624-351C427B0304} = {74E1BB04-3A08-41E3-9E8D-376601524B67}
		{BC8021DF-5D15-49C7-9324-DA51FFF4EFBD} = {74E1BB04-3A08-41E3-9E8D-376601524B67}
		{51EB3CDC-0BEB-4839-8410-2B723F7EC01D} = {909818E2-002C-425A-88B9-090C8562DCB2}
	EndGlobalSection
	GlobalSection(ExtensibilityGlobals) = postSolution
		SolutionGuid = {E0E3DDDC-2811-4949-AD18-DCD7347B6D65}
	EndGlobalSection
EndGlobal
